// !$*UTF8*$!
{
	archiveVersion = 1;
	classes = {
	};
	objectVersion = 46;
	objects = {

/* Begin PBXBuildFile section */
		FB4980011B1415D1007FD22B /* main.m in Sources */ = {isa = PBXBuildFile; fileRef = FB4980001B1415D1007FD22B /* main.m */; };
		FB4980041B1415D1007FD22B /* AppDelegate.m in Sources */ = {isa = PBXBuildFile; fileRef = FB4980031B1415D1007FD22B /* AppDelegate.m */; };
		FB4980071B1415D1007FD22B /* ViewController.m in Sources */ = {isa = PBXBuildFile; fileRef = FB4980061B1415D1007FD22B /* ViewController.m */; };
		FB49800A1B1415D1007FD22B /* Main.storyboard in Resources */ = {isa = PBXBuildFile; fileRef = FB4980081B1415D1007FD22B /* Main.storyboard */; };
		FB49800C1B1415D1007FD22B /* Images.xcassets in Resources */ = {isa = PBXBuildFile; fileRef = FB49800B1B1415D1007FD22B /* Images.xcassets */; };
		FB49800F1B1415D1007FD22B /* LaunchScreen.xib in Resources */ = {isa = PBXBuildFile; fileRef = FB49800D1B1415D1007FD22B /* LaunchScreen.xib */; };
		FB49801B1B1415D1007FD22B /* AnimationLearn2Tests.m in Sources */ = {isa = PBXBuildFile; fileRef = FB49801A1B1415D1007FD22B /* AnimationLearn2Tests.m */; };
/* End PBXBuildFile section */

/* Begin PBXContainerItemProxy section */
		FB4980151B1415D1007FD22B /* PBXContainerItemProxy */ = {
			isa = PBXContainerItemProxy;
			containerPortal = FB497FF31B1415D1007FD22B /* Project object */;
			proxyType = 1;
			remoteGlobalIDString = FB497FFA1B1415D1007FD22B;
			remoteInfo = AnimationLearn2;
		};
/* End PBXContainerItemProxy section */

/* Begin PBXFileReference section */
		FB497FFB1B1415D1007FD22B /* AnimationLearn2.app */ = {isa = PBXFileReference; explicitFileType = wrapper.application; includeInIndex = 0; path = AnimationLearn2.app; sourceTree = BUILT_PRODUCTS_DIR; };
		FB497FFF1B1415D1007FD22B /* Info.plist */ = {isa = PBXFileReference; lastKnownFileType = text.plist.xml; path = Info.plist; sourceTree = "<group>"; };
		FB4980001B1415D1007FD22B /* main.m */ = {isa = PBXFileReference; lastKnownFileType = sourcecode.c.objc; path = main.m; sourceTree = "<group>"; };
		FB4980021B1415D1007FD22B /* AppDelegate.h */ = {isa = PBXFileReference; lastKnownFileType = sourcecode.c.h; path = AppDelegate.h; sourceTree = "<group>"; };
		FB4980031B1415D1007FD22B /* AppDelegate.m */ = {isa = PBXFileReference; lastKnownFileType = sourcecode.c.objc; path = AppDelegate.m; sourceTree = "<group>"; };
		FB4980051B1415D1007FD22B /* ViewController.h */ = {isa = PBXFileReference; lastKnownFileType = sourcecode.c.h; path = ViewController.h; sourceTree = "<group>"; };
		FB4980061B1415D1007FD22B /* ViewController.m */ = {isa = PBXFileReference; lastKnownFileType = sourcecode.c.objc; path = ViewController.m; sourceTree = "<group>"; };
		FB4980091B1415D1007FD22B /* Base */ = {isa = PBXFileReference; lastKnownFileType = file.storyboard; name = Base; path = Base.lproj/Main.storyboard; sourceTree = "<group>"; };
		FB49800B1B1415D1007FD22B /* Images.xcassets */ = {isa = PBXFileReference; lastKnownFileType = folder.assetcatalog; path = Images.xcassets; sourceTree = "<group>"; };
		FB49800E1B1415D1007FD22B /* Base */ = {isa = PBXFileReference; lastKnownFileType = file.xib; name = Base; path = Base.lproj/LaunchScreen.xib; sourceTree = "<group>"; };
		FB4980141B1415D1007FD22B /* AnimationLearn2Tests.xctest */ = {isa = PBXFileReference; explicitFileType = wrapper.cfbundle; includeInIndex = 0; path = AnimationLearn2Tests.xctest; sourceTree = BUILT_PRODUCTS_DIR; };
		FB4980191B1415D1007FD22B /* Info.plist */ = {isa = PBXFileReference; lastKnownFileType = text.plist.xml; path = Info.plist; sourceTree = "<group>"; };
		FB49801A1B1415D1007FD22B /* AnimationLearn2Tests.m */ = {isa = PBXFileReference; lastKnownFileType = sourcecode.c.objc; path = AnimationLearn2Tests.m; sourceTree = "<group>"; };
/* End PBXFileReference section */

/* Begin PBXFrameworksBuildPhase section */
		FB497FF81B1415D1007FD22B /* Frameworks */ = {
			isa = PBXFrameworksBuildPhase;
			buildActionMask = 2147483647;
			files = (
			);
			runOnlyForDeploymentPostprocessing = 0;
		};
		FB4980111B1415D1007FD22B /* Frameworks */ = {
			isa = PBXFrameworksBuildPhase;
			buildActionMask = 2147483647;
			files = (
			);
			runOnlyForDeploymentPostprocessing = 0;
		};
/* End PBXFrameworksBuildPhase section */

/* Begin PBXGroup section */
		FB497FF21B1415D1007FD22B = {
			isa = PBXGroup;
			children = (
				FB497FFD1B1415D1007FD22B /* AnimationLearn2 */,
				FB4980171B1415D1007FD22B /* AnimationLearn2Tests */,
				FB497FFC1B1415D1007FD22B /* Products */,
			);
			sourceTree = "<group>";
		};
		FB497FFC1B1415D1007FD22B /* Products */ = {
			isa = PBXGroup;
			children = (
				FB497FFB1B1415D1007FD22B /* AnimationLearn2.app */,
				FB4980141B1415D1007FD22B /* AnimationLearn2Tests.xctest */,
			);
			name = Products;
			sourceTree = "<group>";
		};
		FB497FFD1B1415D1007FD22B /* AnimationLearn2 */ = {
			isa = PBXGroup;
			children = (
				FB4980021B1415D1007FD22B /* AppDelegate.h */,
				FB4980031B1415D1007FD22B /* AppDelegate.m */,
				FB4980051B1415D1007FD22B /* ViewController.h */,
				FB4980061B1415D1007FD22B /* ViewController.m */,
				FB4980081B1415D1007FD22B /* Main.storyboard */,
				FB49800B1B1415D1007FD22B /* Images.xcassets */,
				FB49800D1B1415D1007FD22B /* LaunchScreen.xib */,
				FB497FFE1B1415D1007FD22B /* Supporting Files */,
			);
			path = AnimationLearn2;
			sourceTree = "<group>";
		};
		FB497FFE1B1415D1007FD22B /* Supporting Files */ = {
			isa = PBXGroup;
			children = (
				FB497FFF1B1415D1007FD22B /* Info.plist */,
				FB4980001B1415D1007FD22B /* main.m */,
			);
			name = "Supporting Files";
			sourceTree = "<group>";
		};
		FB4980171B1415D1007FD22B /* AnimationLearn2Tests */ = {
			isa = PBXGroup;
			children = (
				FB49801A1B1415D1007FD22B /* AnimationLearn2Tests.m */,
				FB4980181B1415D1007FD22B /* Supporting Files */,
			);
			path = AnimationLearn2Tests;
			sourceTree = "<group>";
		};
		FB4980181B1415D1007FD22B /* Supporting Files */ = {
			isa = PBXGroup;
			children = (
				FB4980191B1415D1007FD22B /* Info.plist */,
			);
			name = "Supporting Files";
			sourceTree = "<group>";
		};
/* End PBXGroup section */

/* Begin PBXNativeTarget section */
		FB497FFA1B1415D1007FD22B /* AnimationLearn2 */ = {
			isa = PBXNativeTarget;
			buildConfigurationList = FB49801E1B1415D1007FD22B /* Build configuration list for PBXNativeTarget "AnimationLearn2" */;
			buildPhases = (
				FB497FF71B1415D1007FD22B /* Sources */,
				FB497FF81B1415D1007FD22B /* Frameworks */,
				FB497FF91B1415D1007FD22B /* Resources */,
			);
			buildRules = (
			);
			dependencies = (
			);
			name = AnimationLearn2;
			productName = AnimationLearn2;
			productReference = FB497FFB1B1415D1007FD22B /* AnimationLearn2.app */;
			productType = "com.apple.product-type.application";
		};
		FB4980131B1415D1007FD22B /* AnimationLearn2Tests */ = {
			isa = PBXNativeTarget;
			buildConfigurationList = FB4980211B1415D1007FD22B /* Build configuration list for PBXNativeTarget "AnimationLearn2Tests" */;
			buildPhases = (
				FB4980101B1415D1007FD22B /* Sources */,
				FB4980111B1415D1007FD22B /* Frameworks */,
				FB4980121B1415D1007FD22B /* Resources */,
			);
			buildRules = (
			);
			dependencies = (
				FB4980161B1415D1007FD22B /* PBXTargetDependency */,
			);
			name = AnimationLearn2Tests;
			productName = AnimationLearn2Tests;
			productReference = FB4980141B1415D1007FD22B /* AnimationLearn2Tests.xctest */;
			productType = "com.apple.product-type.bundle.unit-test";
		};
/* End PBXNativeTarget section */

/* Begin PBXProject section */
		FB497FF31B1415D1007FD22B /* Project object */ = {
			isa = PBXProject;
			attributes = {
				LastUpgradeCheck = 0610;
				ORGANIZATIONNAME = "Henry·Cheng";
				TargetAttributes = {
					FB497FFA1B1415D1007FD22B = {
						CreatedOnToolsVersion = 6.1.1;
					};
					FB4980131B1415D1007FD22B = {
						CreatedOnToolsVersion = 6.1.1;
						TestTargetID = FB497FFA1B1415D1007FD22B;
					};
				};
			};
			buildConfigurationList = FB497FF61B1415D1007FD22B /* Build configuration list for PBXProject "AnimationLearn2" */;
			compatibilityVersion = "Xcode 3.2";
			developmentRegion = English;
			hasScannedForEncodings = 0;
			knownRegions = (
				en,
				Base,
			);
			mainGroup = FB497FF21B1415D1007FD22B;
			productRefGroup = FB497FFC1B1415D1007FD22B /* Products */;
			projectDirPath = "";
			projectRoot = "";
			targets = (
				FB497FFA1B1415D1007FD22B /* AnimationLearn2 */,
				FB4980131B1415D1007FD22B /* AnimationLearn2Tests */,
			);
		};
/* End PBXProject section */

/* Begin PBXResourcesBuildPhase section */
		FB497FF91B1415D1007FD22B /* Resources */ = {
			isa = PBXResourcesBuildPhase;
			buildActionMask = 2147483647;
			files = (
				FB49800A1B1415D1007FD22B /* Main.storyboard in Resources */,
				FB49800F1B1415D1007FD22B /* LaunchScreen.xib in Resources */,
				FB49800C1B1415D1007FD22B /* Images.xcassets in Resources */,
			);
			runOnlyForDeploymentPostprocessing = 0;
		};
		FB4980121B1415D1007FD22B /* Resources */ = {
			isa = PBXResourcesBuildPhase;
			buildActionMask = 2147483647;
			files = (
			);
			runOnlyForDeploymentPostprocessing = 0;
		};
/* End PBXResourcesBuildPhase section */

/* Begin PBXSourcesBuildPhase section */
		FB497FF71B1415D1007FD22B /* Sources */ = {
			isa = PBXSourcesBuildPhase;
			buildActionMask = 2147483647;
			files = (
				FB4980071B1415D1007FD22B /* ViewController.m in Sources */,
				FB4980041B1415D1007FD22B /* AppDelegate.m in Sources */,
				FB4980011B1415D1007FD22B /* main.m in Sources */,
			);
			runOnlyForDeploymentPostprocessing = 0;
		};
		FB4980101B1415D1007FD22B /* Sources */ = {
			isa = PBXSourcesBuildPhase;
			buildActionMask = 2147483647;
			files = (
				FB49801B1B1415D1007FD22B /* AnimationLearn2Tests.m in Sources */,
			);
			runOnlyForDeploymentPostprocessing = 0;
		};
/* End PBXSourcesBuildPhase section */

/* Begin PBXTargetDependency section */
		FB4980161B1415D1007FD22B /* PBXTargetDependency */ = {
			isa = PBXTargetDependency;
			target = FB497FFA1B1415D1007FD22B /* AnimationLearn2 */;
			targetProxy = FB4980151B1415D1007FD22B /* PBXContainerItemProxy */;
		};
/* End PBXTargetDependency section */

/* Begin PBXVariantGroup section */
		FB4980081B1415D1007FD22B /* Main.storyboard */ = {
			isa = PBXVariantGroup;
			children = (
				FB4980091B1415D1007FD22B /* Base */,
			);
			name = Main.storyboard;
			sourceTree = "<group>";
		};
		FB49800D1B1415D1007FD22B /* LaunchScreen.xib */ = {
			isa = PBXVariantGroup;
			children = (
				FB49800E1B1415D1007FD22B /* Base */,
			);
			name = LaunchScreen.xib;
			sourceTree = "<group>";
		};
/* End PBXVariantGroup section */

/* Begin XCBuildConfiguration section */
		FB49801C1B1415D1007FD22B /* Debug */ = {
			isa = XCBuildConfiguration;
			buildSettings = {
				ALWAYS_SEARCH_USER_PATHS = NO;
				CLANG_CXX_LANGUAGE_STANDARD = "gnu++0x";
				CLANG_CXX_LIBRARY = "libc++";
				CLANG_ENABLE_MODULES = YES;
				CLANG_ENABLE_OBJC_ARC = YES;
				CLANG_WARN_BOOL_CONVERSION = YES;
				CLANG_WARN_CONSTANT_CONVERSION = YES;
				CLANG_WARN_DIRECT_OBJC_ISA_USAGE = YES_ERROR;
				CLANG_WARN_EMPTY_BODY = YES;
				CLANG_WARN_ENUM_CONVERSION = YES;
				CLANG_WARN_INT_CONVERSION = YES;
				CLANG_WARN_OBJC_ROOT_CLASS = YES_ERROR;
				CLANG_WARN_UNREACHABLE_CODE = YES;
				CLANG_WARN__DUPLICATE_METHOD_MATCH = YES;
				"CODE_SIGN_IDENTITY[sdk=iphoneos*]" = "iPhone Developer";
				COPY_PHASE_STRIP = NO;
				ENABLE_STRICT_OBJC_MSGSEND = YES;
				GCC_C_LANGUAGE_STANDARD = gnu99;
				GCC_DYNAMIC_NO_PIC = NO;
				GCC_OPTIMIZATION_LEVEL = 0;
				GCC_PREPROCESSOR_DEFINITIONS = (
					"DEBUG=1",
					"$(inherited)",
				);
				GCC_SYMBOLS_PRIVATE_EXTERN = NO;
				GCC_WARN_64_TO_32_BIT_CONVERSION = YES;
				GCC_WARN_ABOUT_RETURN_TYPE = YES_ERROR;
				GCC_WARN_UNDECLARED_SELECTOR = YES;
				GCC_WARN_UNINITIALIZED_AUTOS = YES_AGGRESSIVE;
				GCC_WARN_UNUSED_FUNCTION = YES;
				GCC_WARN_UNUSED_VARIABLE = YES;
				IPHONEOS_DEPLOYMENT_TARGET = 8.1;
				MTL_ENABLE_DEBUG_INFO = YES;
				ONLY_ACTIVE_ARCH = YES;
				SDKROOT = iphoneos;
			};
			name = Debug;
		};
		FB49801D1B1415D1007FD22B /* Release */ = {
			isa = XCBuildConfiguration;
			buildSettings = {
				ALWAYS_SEARCH_USER_PATHS = NO;
				CLANG_CXX_LANGUAGE_STANDARD = "gnu++0x";
				CLANG_CXX_LIBRARY = "libc++";
				CLANG_ENABLE_MODULES = YES;
				CLANG_ENABLE_OBJC_ARC = YES;
				CLANG_WARN_BOOL_CONVERSION = YES;
				CLANG_WARN_CONSTANT_CONVERSION = YES;
				CLANG_WARN_DIRECT_OBJC_ISA_USAGE = YES_ERROR;
				CLANG_WARN_EMPTY_BODY = YES;
				CLANG_WARN_ENUM_CONVERSION = YES;
				CLANG_WARN_INT_CONVERSION = YES;
				CLANG_WARN_OBJC_ROOT_CLASS = YES_ERROR;
				CLANG_WARN_UNREACHABLE_CODE = YES;
				CLANG_WARN__DUPLICATE_METHOD_MATCH = YES;
				"CODE_SIGN_IDENTITY[sdk=iphoneos*]" = "iPhone Developer";
				COPY_PHASE_STRIP = YES;
				ENABLE_NS_ASSERTIONS = NO;
				ENABLE_STRICT_OBJC_MSGSEND = YES;
				GCC_C_LANGUAGE_STANDARD = gnu99;
				GCC_WARN_64_TO_32_BIT_CONVERSION = YES;
				GCC_WARN_ABOUT_RETURN_TYPE = YES_ERROR;
				GCC_WARN_UNDECLARED_SELECTOR = YES;
				GCC_WARN_UNINITIALIZED_AUTOS = YES_AGGRESSIVE;
				GCC_WARN_UNUSED_FUNCTION = YES;
				GCC_WARN_UNUSED_VARIABLE = YES;
				IPHONEOS_DEPLOYMENT_TARGET = 8.1;
				MTL_ENABLE_DEBUG_INFO = NO;
				SDKROOT = iphoneos;
				VALIDATE_PRODUCT = YES;
			};
			name = Release;
		};
		FB49801F1B1415D1007FD22B /* Debug */ = {
			isa = XCBuildConfiguration;
			buildSettings = {
				ASSETCATALOG_COMPILER_APPICON_NAME = AppIcon;
				INFOPLIST_FILE = AnimationLearn2/Info.plist;
				LD_RUNPATH_SEARCH_PATHS = "$(inherited) @executable_path/Frameworks";
				PRODUCT_NAME = "$(TARGET_NAME)";
			};
			name = Debug;
		};
		FB4980201B1415D1007FD22B /* Release */ = {
			isa = XCBuildConfiguration;
			buildSettings = {
				ASSETCATALOG_COMPILER_APPICON_NAME = AppIcon;
				INFOPLIST_FILE = AnimationLearn2/Info.plist;
				LD_RUNPATH_SEARCH_PATHS = "$(inherited) @executable_path/Frameworks";
				PRODUCT_NAME = "$(TARGET_NAME)";
			};
			name = Release;
		};
		FB4980221B1415D1007FD22B /* Debug */ = {
			isa = XCBuildConfiguration;
			buildSettings = {
				BUNDLE_LOADER = "$(TEST_HOST)";
				FRAMEWORK_SEARCH_PATHS = (
					"$(SDKROOT)/Developer/Library/Frameworks",
					"$(inherited)",
				);
				GCC_PREPROCESSOR_DEFINITIONS = (
					"DEBUG=1",
					"$(inherited)",
				);
				INFOPLIST_FILE = AnimationLearn2Tests/Info.plist;
				LD_RUNPATH_SEARCH_PATHS = "$(inherited) @executable_path/Frameworks @loader_path/Frameworks";
				PRODUCT_NAME = "$(TARGET_NAME)";
				TEST_HOST = "$(BUILT_PRODUCTS_DIR)/AnimationLearn2.app/AnimationLearn2";
			};
			name = Debug;
		};
		FB4980231B1415D1007FD22B /* Release */ = {
			isa = XCBuildConfiguration;
			buildSettings = {
				BUNDLE_LOADER = "$(TEST_HOST)";
				FRAMEWORK_SEARCH_PATHS = (
					"$(SDKROOT)/Developer/Library/Frameworks",
					"$(inherited)",
				);
				INFOPLIST_FILE = AnimationLearn2Tests/Info.plist;
				LD_RUNPATH_SEARCH_PATHS = "$(inherited) @executable_path/Frameworks @loader_path/Frameworks";
				PRODUCT_NAME = "$(TARGET_NAME)";
				TEST_HOST = "$(BUILT_PRODUCTS_DIR)/AnimationLearn2.app/AnimationLearn2";
			};
			name = Release;
		};
/* End XCBuildConfiguration section */

/* Begin XCConfigurationList section */
		FB497FF61B1415D1007FD22B /* Build configuration list for PBXProject "AnimationLearn2" */ = {
			isa = XCConfigurationList;
			buildConfigurations = (
				FB49801C1B1415D1007FD22B /* Debug */,
				FB49801D1B1415D1007FD22B /* Release */,
			);
			defaultConfigurationIsVisible = 0;
			defaultConfigurationName = Release;
		};
		FB49801E1B1415D1007FD22B /* Build configuration list for PBXNativeTarget "AnimationLearn2" */ = {
			isa = XCConfigurationList;
			buildConfigurations = (
				FB49801F1B1415D1007FD22B /* Debug */,
				FB4980201B1415D1007FD22B /* Release */,
			);
			defaultConfigurationIsVisible = 0;
		};
		FB4980211B1415D1007FD22B /* Build configuration list for PBXNativeTarget "AnimationLearn2Tests" */ = {
			isa = XCConfigurationList;
			buildConfigurations = (
				FB4980221B1415D1007FD22B /* Debug */,
				FB4980231B1415D1007FD22B /* Release */,
			);
			defaultConfigurationIsVisible = 0;
		};
/* End XCConfigurationList section */
	};
	rootObject = FB497FF31B1415D1007FD22B /* Project object */;
}
